
Microsoft Visual Studio Solution File, Format Version 12.00
# Visual Studio Version 16
VisualStudioVersion = 16.0.31025.194
MinimumVisualStudioVersion = 10.0.40219.1
Project("{FAE04EC0-301F-11D3-BF4B-00C04F79EFBC}") = "ExercisePABD", "ExercisePABD\ExercisePABD.csproj", "{1FCB593C-DAF4-4683-BC44-216D08A00499}"
EndProject
Global
	GlobalSection(SolutionConfigurationPlatforms) = preSolution
		Debug|Any CPU = Debug|Any CPU
		Release|Any CPU = Release|Any CPU
	EndGlobalSection
	GlobalSection(ProjectConfigurationPlatforms) = postSolution
		{1FCB593C-DAF4-4683-BC44-216D08A00499}.Debug|Any CPU.ActiveCfg = Debug|Any CPU
		{1FCB593C-DAF4-4683-BC44-216D08A00499}.Debug|Any CPU.Build.0 = Debug|Any CPU
		{1FCB593C-DAF4-4683-BC44-216D08A00499}.Release|Any CPU.ActiveCfg = Release|Any CPU
		{1FCB593C-DAF4-4683-BC44-216D08A00499}.Release|Any CPU.Build.0 = Release|Any CPU
	EndGlobalSection
	GlobalSection(SolutionProperties) = preSolution
		HideSolutionNode = FALSE
	EndGlobalSection
	GlobalSection(ExtensibilityGlobals) = postSolution
		SolutionGuid = {38EEA634-6BA1-46CD-B756-A48AB9E5D3AB}
	EndGlobalSection
EndGlobal
